
Microsoft Visual Studio Solution File, Format Version 12.00
# Visual Studio Version 16
VisualStudioVersion = 25.0.1705.4
MinimumVisualStudioVersion = 10.0.40219.1
Project("{FAE04EC0-301F-11D3-BF4B-00C04F79EFBC}") = "Project3", "Project3.csproj", "{5CE5DF50-84A7-4068-B02A-6FB1729F3411}"
EndProject
Global
	GlobalSection(SolutionConfigurationPlatforms) = preSolution
		Debug|Any CPU = Debug|Any CPU
		Release|Any CPU = Release|Any CPU
	EndGlobalSection
	GlobalSection(ProjectConfigurationPlatforms) = postSolution
		{5CE5DF50-84A7-4068-B02A-6FB1729F3411}.Debug|Any CPU.ActiveCfg = Debug|Any CPU
		{5CE5DF50-84A7-4068-B02A-6FB1729F3411}.Debug|Any CPU.Build.0 = Debug|Any CPU
		{5CE5DF50-84A7-4068-B02A-6FB1729F3411}.Release|Any CPU.ActiveCfg = Release|Any CPU
		{5CE5DF50-84A7-4068-B02A-6FB1729F3411}.Release|Any CPU.Build.0 = Release|Any CPU
	EndGlobalSection
	GlobalSection(SolutionProperties) = preSolution
		HideSolutionNode = FALSE
	EndGlobalSection
	GlobalSection(ExtensibilityGlobals) = postSolution
		SolutionGuid = {F9534542-5FFF-41D2-B2D1-7BE598570116}
	EndGlobalSection
EndGlobal
